
Microsoft Visual Studio Solution File, Format Version 12.00
# Visual Studio Version 17
VisualStudioVersion = 17.1.32421.90
MinimumVisualStudioVersion = 10.0.40219.1
Project("{FAE04EC0-301F-11D3-BF4B-00C04F79EFBC}") = "OpenDataService", "OpenDataService.csproj", "{50B52465-86D3-426C-818A-C5711751760E}"
EndProject
Global
	GlobalSection(SolutionConfigurationPlatforms) = preSolution
		Debug|Any CPU = Debug|Any CPU
		Release|Any CPU = Release|Any CPU
	EndGlobalSection
	GlobalSection(ProjectConfigurationPlatforms) = postSolution
		{50B52465-86D3-426C-818A-C5711751760E}.Debug|Any CPU.ActiveCfg = Debug|Any CPU
		{50B52465-86D3-426C-818A-C5711751760E}.Debug|Any CPU.Build.0 = Debug|Any CPU
		{50B52465-86D3-426C-818A-C5711751760E}.Release|Any CPU.ActiveCfg = Release|Any CPU
		{50B52465-86D3-426C-818A-C5711751760E}.Release|Any CPU.Build.0 = Release|Any CPU
	EndGlobalSection
	GlobalSection(SolutionProperties) = preSolution
		HideSolutionNode = FALSE
	EndGlobalSection
	GlobalSection(ExtensibilityGlobals) = postSolution
		SolutionGuid = {F2733D64-175B-43DF-B8D7-00E812032CAD}
	EndGlobalSection
EndGlobal
